
Microsoft Visual Studio Solution File, Format Version 12.00
# Visual Studio Version 17
VisualStudioVersion = 17.0.31912.275
MinimumVisualStudioVersion = 10.0.40219.1
Project("{9A19103F-16F7-4668-BE54-9A1E7A4F7556}") = "PTSC", "src\PTSC\PTSC.csproj", "{0EDC8810-7128-4B5E-B980-49E1E250D6F4}"
EndProject
Project("{9A19103F-16F7-4668-BE54-9A1E7A4F7556}") = "PTSC.Interfaces", "src\PTSC.Interfaces\PTSC.Interfaces.csproj", "{D2B76FEF-1B07-49DC-BD61-684FFC460AB6}"
EndProject
Project("{9A19103F-16F7-4668-BE54-9A1E7A4F7556}") = "PTSC.Ui", "src\PTSC.Ui\PTSC.Ui.csproj", "{E56F236B-9F8C-4029-9C16-7DDFE14FBFE1}"
EndProject
Project("{9A19103F-16F7-4668-BE54-9A1E7A4F7556}") = "PTSC.Communication", "src\PTSC.Communication\PTSC.Communication.csproj", "{72190439-8065-436A-8B7C-F631638467C6}"
EndProject
Project("{9A19103F-16F7-4668-BE54-9A1E7A4F7556}") = "PTSC.Nameservice", "src\PTSC.Nameservice\PTSC.Nameservice.csproj", "{5C6F3D6C-C717-4F4C-828E-EC9C366310FD}"
EndProject
Project("{9A19103F-16F7-4668-BE54-9A1E7A4F7556}") = "PTSC.OpenCV", "src\PTSC.OpenCV\PTSC.OpenCV.csproj", "{8D3F7B62-ED84-41C1-BF2A-56660634632B}"
EndProject
Project("{9A19103F-16F7-4668-BE54-9A1E7A4F7556}") = "PTSC.PubSub", "src\PTSC.PubSub\PTSC.PubSub.csproj", "{383D6E05-3FBD-44F5-959D-CF14F861BBFF}"
EndProject
Project("{9A19103F-16F7-4668-BE54-9A1E7A4F7556}") = "_PTSC.Tests", "test\_PTSC.Tests\_PTSC.Tests.csproj", "{2AEC8C2F-04B7-4E7C-A7A1-76E434C1143F}"
EndProject
Project("{9A19103F-16F7-4668-BE54-9A1E7A4F7556}") = "PTSC.Pipeline", "src\PTSC.Pipeline\PTSC.Pipeline.csproj", "{9C0EC52A-987C-4955-8952-491D4EAD8087}"
EndProject
Project("{9A19103F-16F7-4668-BE54-9A1E7A4F7556}") = "ChartWin", "src\System.Windows.Forms.DataVisualization\ChartWin.csproj", "{A6026062-3E99-4CB3-88D3-0DE96E409661}"
EndProject
Project("{9A19103F-16F7-4668-BE54-9A1E7A4F7556}") = "_build", ".build\_build.csproj", "{99C4ED0F-3C97-49F0-8715-376F5D895C3D}"
EndProject
Global
	GlobalSection(SolutionConfigurationPlatforms) = preSolution
		Debug|Any CPU = Debug|Any CPU
		Release|Any CPU = Release|Any CPU
	EndGlobalSection
	GlobalSection(ProjectConfigurationPlatforms) = postSolution
		{99C4ED0F-3C97-49F0-8715-376F5D895C3D}.Debug|Any CPU.ActiveCfg = Debug|Any CPU
		{99C4ED0F-3C97-49F0-8715-376F5D895C3D}.Release|Any CPU.ActiveCfg = Release|Any CPU
		{0EDC8810-7128-4B5E-B980-49E1E250D6F4}.Debug|Any CPU.ActiveCfg = Debug|Any CPU
		{0EDC8810-7128-4B5E-B980-49E1E250D6F4}.Debug|Any CPU.Build.0 = Debug|Any CPU
		{0EDC8810-7128-4B5E-B980-49E1E250D6F4}.Release|Any CPU.ActiveCfg = Release|Any CPU
		{0EDC8810-7128-4B5E-B980-49E1E250D6F4}.Release|Any CPU.Build.0 = Release|Any CPU
		{D2B76FEF-1B07-49DC-BD61-684FFC460AB6}.Debug|Any CPU.ActiveCfg = Debug|Any CPU
		{D2B76FEF-1B07-49DC-BD61-684FFC460AB6}.Debug|Any CPU.Build.0 = Debug|Any CPU
		{D2B76FEF-1B07-49DC-BD61-684FFC460AB6}.Release|Any CPU.ActiveCfg = Release|Any CPU
		{D2B76FEF-1B07-49DC-BD61-684FFC460AB6}.Release|Any CPU.Build.0 = Release|Any CPU
		{E56F236B-9F8C-4029-9C16-7DDFE14FBFE1}.Debug|Any CPU.ActiveCfg = Debug|Any CPU
		{E56F236B-9F8C-4029-9C16-7DDFE14FBFE1}.Debug|Any CPU.Build.0 = Debug|Any CPU
		{E56F236B-9F8C-4029-9C16-7DDFE14FBFE1}.Release|Any CPU.ActiveCfg = Release|Any CPU
		{E56F236B-9F8C-4029-9C16-7DDFE14FBFE1}.Release|Any CPU.Build.0 = Release|Any CPU
		{72190439-8065-436A-8B7C-F631638467C6}.Debug|Any CPU.ActiveCfg = Debug|Any CPU
		{72190439-8065-436A-8B7C-F631638467C6}.Debug|Any CPU.Build.0 = Debug|Any CPU
		{72190439-8065-436A-8B7C-F631638467C6}.Release|Any CPU.ActiveCfg = Release|Any CPU
		{72190439-8065-436A-8B7C-F631638467C6}.Release|Any CPU.Build.0 = Release|Any CPU
		{5C6F3D6C-C717-4F4C-828E-EC9C366310FD}.Debug|Any CPU.ActiveCfg = Debug|Any CPU
		{5C6F3D6C-C717-4F4C-828E-EC9C366310FD}.Debug|Any CPU.Build.0 = Debug|Any CPU
		{5C6F3D6C-C717-4F4C-828E-EC9C366310FD}.Release|Any CPU.ActiveCfg = Release|Any CPU
		{5C6F3D6C-C717-4F4C-828E-EC9C366310FD}.Release|Any CPU.Build.0 = Release|Any CPU
		{8D3F7B62-ED84-41C1-BF2A-56660634632B}.Debug|Any CPU.ActiveCfg = Debug|Any CPU
		{8D3F7B62-ED84-41C1-BF2A-56660634632B}.Debug|Any CPU.Build.0 = Debug|Any CPU
		{8D3F7B62-ED84-41C1-BF2A-56660634632B}.Release|Any CPU.ActiveCfg = Release|Any CPU
		{8D3F7B62-ED84-41C1-BF2A-56660634632B}.Release|Any CPU.Build.0 = Release|Any CPU
		{383D6E05-3FBD-44F5-959D-CF14F861BBFF}.Debug|Any CPU.ActiveCfg = Debug|Any CPU
		{383D6E05-3FBD-44F5-959D-CF14F861BBFF}.Debug|Any CPU.Build.0 = Debug|Any CPU
		{383D6E05-3FBD-44F5-959D-CF14F861BBFF}.Release|Any CPU.ActiveCfg = Release|Any CPU
		{383D6E05-3FBD-44F5-959D-CF14F861BBFF}.Release|Any CPU.Build.0 = Release|Any CPU
		{2AEC8C2F-04B7-4E7C-A7A1-76E434C1143F}.Debug|Any CPU.ActiveCfg = Debug|Any CPU
		{2AEC8C2F-04B7-4E7C-A7A1-76E434C1143F}.Debug|Any CPU.Build.0 = Debug|Any CPU
		{2AEC8C2F-04B7-4E7C-A7A1-76E434C1143F}.Release|Any CPU.ActiveCfg = Release|Any CPU
		{2AEC8C2F-04B7-4E7C-A7A1-76E434C1143F}.Release|Any CPU.Build.0 = Release|Any CPU
		{9C0EC52A-987C-4955-8952-491D4EAD8087}.Debug|Any CPU.ActiveCfg = Debug|Any CPU
		{9C0EC52A-987C-4955-8952-491D4EAD8087}.Debug|Any CPU.Build.0 = Debug|Any CPU
		{9C0EC52A-987C-4955-8952-491D4EAD8087}.Release|Any CPU.ActiveCfg = Release|Any CPU
		{9C0EC52A-987C-4955-8952-491D4EAD8087}.Release|Any CPU.Build.0 = Release|Any CPU
		{A6026062-3E99-4CB3-88D3-0DE96E409661}.Debug|Any CPU.ActiveCfg = Debug|Any CPU
		{A6026062-3E99-4CB3-88D3-0DE96E409661}.Debug|Any CPU.Build.0 = Debug|Any CPU
		{A6026062-3E99-4CB3-88D3-0DE96E409661}.Release|Any CPU.ActiveCfg = Release|Any CPU
		{A6026062-3E99-4CB3-88D3-0DE96E409661}.Release|Any CPU.Build.0 = Release|Any CPU
	EndGlobalSection
	GlobalSection(SolutionProperties) = preSolution
		HideSolutionNode = FALSE
	EndGlobalSection
	GlobalSection(ExtensibilityGlobals) = postSolution
		SolutionGuid = {7794F89B-7969-435B-980B-B0DBB0E5FCDD}
	EndGlobalSection
EndGlobal
